// !$*UTF8*$!
{
	archiveVersion = 1;
	classes = {
	};
	objectVersion = 50;
	objects = {

/* Begin PBXBuildFile section */
		1D9047A9251910CC00798359 /* TViewController.swift in Sources */ = {isa = PBXBuildFile; fileRef = 1D9047A8251910CC00798359 /* TViewController.swift */; };
		1D9047B6251C92F600798359 /* Main.storyboard in Resources */ = {isa = PBXBuildFile; fileRef = 1D9047B4251C92F600798359 /* Main.storyboard */; };
		B01C74402521D35E00F3BCA6 /* HomeModel.swift in Sources */ = {isa = PBXBuildFile; fileRef = B01C743F2521D35E00F3BCA6 /* HomeModel.swift */; };
		B01C74422521D41D00F3BCA6 /* LocationModel.swift in Sources */ = {isa = PBXBuildFile; fileRef = B01C74412521D41D00F3BCA6 /* LocationModel.swift */; };
		B07DF01F2484ED0900B3E5F9 /* AppDelegate.swift in Sources */ = {isa = PBXBuildFile; fileRef = B07DF01E2484ED0900B3E5F9 /* AppDelegate.swift */; };
		B07DF0212484ED0900B3E5F9 /* SceneDelegate.swift in Sources */ = {isa = PBXBuildFile; fileRef = B07DF0202484ED0900B3E5F9 /* SceneDelegate.swift */; };
		B07DF0232484ED0900B3E5F9 /* ViewController.swift in Sources */ = {isa = PBXBuildFile; fileRef = B07DF0222484ED0900B3E5F9 /* ViewController.swift */; };
		B07DF0282484ED0900B3E5F9 /* Assets.xcassets in Resources */ = {isa = PBXBuildFile; fileRef = B07DF0272484ED0900B3E5F9 /* Assets.xcassets */; };
		B07DF02B2484ED0900B3E5F9 /* LaunchScreen.storyboard in Resources */ = {isa = PBXBuildFile; fileRef = B07DF0292484ED0900B3E5F9 /* LaunchScreen.storyboard */; };
		B07DF0362484ED0A00B3E5F9 /* fuckTests.swift in Sources */ = {isa = PBXBuildFile; fileRef = B07DF0352484ED0A00B3E5F9 /* fuckTests.swift */; };
		B07DF0412484ED0A00B3E5F9 /* fuckUITests.swift in Sources */ = {isa = PBXBuildFile; fileRef = B07DF0402484ED0A00B3E5F9 /* fuckUITests.swift */; };
		B07DF0512484EDE700B3E5F9 /* PersonalAccount.swift in Sources */ = {isa = PBXBuildFile; fileRef = B07DF0502484EDE700B3E5F9 /* PersonalAccount.swift */; };
		B07DF0532484EE1200B3E5F9 /* Register.swift in Sources */ = {isa = PBXBuildFile; fileRef = B07DF0522484EE1200B3E5F9 /* Register.swift */; };
		B07DF0552484EE2F00B3E5F9 /* ResetPassword.swift in Sources */ = {isa = PBXBuildFile; fileRef = B07DF0542484EE2F00B3E5F9 /* ResetPassword.swift */; };
/* End PBXBuildFile section */

/* Begin PBXContainerItemProxy section */
		B07DF0322484ED0A00B3E5F9 /* PBXContainerItemProxy */ = {
			isa = PBXContainerItemProxy;
			containerPortal = B07DF0132484ED0900B3E5F9 /* Project object */;
			proxyType = 1;
			remoteGlobalIDString = B07DF01A2484ED0900B3E5F9;
			remoteInfo = fuck;
		};
		B07DF03D2484ED0A00B3E5F9 /* PBXContainerItemProxy */ = {
			isa = PBXContainerItemProxy;
			containerPortal = B07DF0132484ED0900B3E5F9 /* Project object */;
			proxyType = 1;
			remoteGlobalIDString = B07DF01A2484ED0900B3E5F9;
			remoteInfo = fuck;
		};
/* End PBXContainerItemProxy section */

/* Begin PBXFileReference section */
		1D9047A8251910CC00798359 /* TViewController.swift */ = {isa = PBXFileReference; lastKnownFileType = sourcecode.swift; path = TViewController.swift; sourceTree = "<group>"; };
		1D9047B5251C92F600798359 /* Base */ = {isa = PBXFileReference; lastKnownFileType = file.storyboard; name = Base; path = Base.lproj/Main.storyboard; sourceTree = "<group>"; };
		B01C743F2521D35E00F3BCA6 /* HomeModel.swift */ = {isa = PBXFileReference; lastKnownFileType = sourcecode.swift; path = HomeModel.swift; sourceTree = "<group>"; };
		B01C74412521D41D00F3BCA6 /* LocationModel.swift */ = {isa = PBXFileReference; lastKnownFileType = sourcecode.swift; path = LocationModel.swift; sourceTree = "<group>"; };
		B07DF01B2484ED0900B3E5F9 /* fuck.app */ = {isa = PBXFileReference; explicitFileType = wrapper.application; includeInIndex = 0; path = fuck.app; sourceTree = BUILT_PRODUCTS_DIR; };
		B07DF01E2484ED0900B3E5F9 /* AppDelegate.swift */ = {isa = PBXFileReference; lastKnownFileType = sourcecode.swift; path = AppDelegate.swift; sourceTree = "<group>"; };
		B07DF0202484ED0900B3E5F9 /* SceneDelegate.swift */ = {isa = PBXFileReference; lastKnownFileType = sourcecode.swift; path = SceneDelegate.swift; sourceTree = "<group>"; };
		B07DF0222484ED0900B3E5F9 /* ViewController.swift */ = {isa = PBXFileReference; lastKnownFileType = sourcecode.swift; path = ViewController.swift; sourceTree = "<group>"; };
		B07DF0272484ED0900B3E5F9 /* Assets.xcassets */ = {isa = PBXFileReference; lastKnownFileType = folder.assetcatalog; path = Assets.xcassets; sourceTree = "<group>"; };
		B07DF02A2484ED0900B3E5F9 /* Base */ = {isa = PBXFileReference; lastKnownFileType = file.storyboard; name = Base; path = Base.lproj/LaunchScreen.storyboard; sourceTree = "<group>"; };
		B07DF02C2484ED0A00B3E5F9 /* Info.plist */ = {isa = PBXFileReference; lastKnownFileType = text.plist.xml; path = Info.plist; sourceTree = "<group>"; };
		B07DF0312484ED0A00B3E5F9 /* fuckTests.xctest */ = {isa = PBXFileReference; explicitFileType = wrapper.cfbundle; includeInIndex = 0; path = fuckTests.xctest; sourceTree = BUILT_PRODUCTS_DIR; };
		B07DF0352484ED0A00B3E5F9 /* fuckTests.swift */ = {isa = PBXFileReference; lastKnownFileType = sourcecode.swift; path = fuckTests.swift; sourceTree = "<group>"; };
		B07DF0372484ED0A00B3E5F9 /* Info.plist */ = {isa = PBXFileReference; lastKnownFileType = text.plist.xml; path = Info.plist; sourceTree = "<group>"; };
		B07DF03C2484ED0A00B3E5F9 /* fuckUITests.xctest */ = {isa = PBXFileReference; explicitFileType = wrapper.cfbundle; includeInIndex = 0; path = fuckUITests.xctest; sourceTree = BUILT_PRODUCTS_DIR; };
		B07DF0402484ED0A00B3E5F9 /* fuckUITests.swift */ = {isa = PBXFileReference; lastKnownFileType = sourcecode.swift; path = fuckUITests.swift; sourceTree = "<group>"; };
		B07DF0422484ED0A00B3E5F9 /* Info.plist */ = {isa = PBXFileReference; lastKnownFileType = text.plist.xml; path = Info.plist; sourceTree = "<group>"; };
		B07DF0502484EDE700B3E5F9 /* PersonalAccount.swift */ = {isa = PBXFileReference; lastKnownFileType = sourcecode.swift; path = PersonalAccount.swift; sourceTree = "<group>"; };
		B07DF0522484EE1200B3E5F9 /* Register.swift */ = {isa = PBXFileReference; lastKnownFileType = sourcecode.swift; path = Register.swift; sourceTree = "<group>"; };
		B07DF0542484EE2F00B3E5F9 /* ResetPassword.swift */ = {isa = PBXFileReference; lastKnownFileType = sourcecode.swift; path = ResetPassword.swift; sourceTree = "<group>"; };
/* End PBXFileReference section */

/* Begin PBXFrameworksBuildPhase section */
		B07DF0182484ED0900B3E5F9 /* Frameworks */ = {
			isa = PBXFrameworksBuildPhase;
			buildActionMask = 2147483647;
			files = (
			);
			runOnlyForDeploymentPostprocessing = 0;
		};
		B07DF02E2484ED0A00B3E5F9 /* Frameworks */ = {
			isa = PBXFrameworksBuildPhase;
			buildActionMask = 2147483647;
			files = (
			);
			runOnlyForDeploymentPostprocessing = 0;
		};
		B07DF0392484ED0A00B3E5F9 /* Frameworks */ = {
			isa = PBXFrameworksBuildPhase;
			buildActionMask = 2147483647;
			files = (
			);
			runOnlyForDeploymentPostprocessing = 0;
		};
/* End PBXFrameworksBuildPhase section */

/* Begin PBXGroup section */
		B07DF0122484ED0900B3E5F9 = {
			isa = PBXGroup;
			children = (
				B07DF01D2484ED0900B3E5F9 /* fuck */,
				B07DF0342484ED0A00B3E5F9 /* fuckTests */,
				B07DF03F2484ED0A00B3E5F9 /* fuckUITests */,
				B07DF01C2484ED0900B3E5F9 /* Products */,
			);
			sourceTree = "<group>";
		};
		B07DF01C2484ED0900B3E5F9 /* Products */ = {
			isa = PBXGroup;
			children = (
				B07DF01B2484ED0900B3E5F9 /* fuck.app */,
				B07DF0312484ED0A00B3E5F9 /* fuckTests.xctest */,
				B07DF03C2484ED0A00B3E5F9 /* fuckUITests.xctest */,
			);
			name = Products;
			sourceTree = "<group>";
		};
		B07DF01D2484ED0900B3E5F9 /* fuck */ = {
			isa = PBXGroup;
			children = (
				1D9047B4251C92F600798359 /* Main.storyboard */,
				B07DF01E2484ED0900B3E5F9 /* AppDelegate.swift */,
				B07DF0202484ED0900B3E5F9 /* SceneDelegate.swift */,
				B07DF0222484ED0900B3E5F9 /* ViewController.swift */,
				1D9047A8251910CC00798359 /* TViewController.swift */,
				B07DF0272484ED0900B3E5F9 /* Assets.xcassets */,
				B07DF0292484ED0900B3E5F9 /* LaunchScreen.storyboard */,
				B07DF02C2484ED0A00B3E5F9 /* Info.plist */,
				B07DF0502484EDE700B3E5F9 /* PersonalAccount.swift */,
				B07DF0522484EE1200B3E5F9 /* Register.swift */,
				B07DF0542484EE2F00B3E5F9 /* ResetPassword.swift */,
				B01C743F2521D35E00F3BCA6 /* HomeModel.swift */,
				B01C74412521D41D00F3BCA6 /* LocationModel.swift */,
			);
			path = fuck;
			sourceTree = "<group>";
		};
		B07DF0342484ED0A00B3E5F9 /* fuckTests */ = {
			isa = PBXGroup;
			children = (
				B07DF0352484ED0A00B3E5F9 /* fuckTests.swift */,
				B07DF0372484ED0A00B3E5F9 /* Info.plist */,
			);
			path = fuckTests;
			sourceTree = "<group>";
		};
		B07DF03F2484ED0A00B3E5F9 /* fuckUITests */ = {
			isa = PBXGroup;
			children = (
				B07DF0402484ED0A00B3E5F9 /* fuckUITests.swift */,
				B07DF0422484ED0A00B3E5F9 /* Info.plist */,
			);
			path = fuckUITests;
			sourceTree = "<group>";
		};
/* End PBXGroup section */

/* Begin PBXNativeTarget section */
		B07DF01A2484ED0900B3E5F9 /* fuck */ = {
			isa = PBXNativeTarget;
			buildConfigurationList = B07DF0452484ED0A00B3E5F9 /* Build configuration list for PBXNativeTarget "fuck" */;
			buildPhases = (
				B07DF0172484ED0900B3E5F9 /* Sources */,
				B07DF0182484ED0900B3E5F9 /* Frameworks */,
				B07DF0192484ED0900B3E5F9 /* Resources */,
			);
			buildRules = (
			);
			dependencies = (
			);
			name = fuck;
			productName = fuck;
			productReference = B07DF01B2484ED0900B3E5F9 /* fuck.app */;
			productType = "com.apple.product-type.application";
		};
		B07DF0302484ED0A00B3E5F9 /* fuckTests */ = {
			isa = PBXNativeTarget;
			buildConfigurationList = B07DF0482484ED0A00B3E5F9 /* Build configuration list for PBXNativeTarget "fuckTests" */;
			buildPhases = (
				B07DF02D2484ED0A00B3E5F9 /* Sources */,
				B07DF02E2484ED0A00B3E5F9 /* Frameworks */,
				B07DF02F2484ED0A00B3E5F9 /* Resources */,
			);
			buildRules = (
			);
			dependencies = (
				B07DF0332484ED0A00B3E5F9 /* PBXTargetDependency */,
			);
			name = fuckTests;
			productName = fuckTests;
			productReference = B07DF0312484ED0A00B3E5F9 /* fuckTests.xctest */;
			productType = "com.apple.product-type.bundle.unit-test";
		};
		B07DF03B2484ED0A00B3E5F9 /* fuckUITests */ = {
			isa = PBXNativeTarget;
			buildConfigurationList = B07DF04B2484ED0A00B3E5F9 /* Build configuration list for PBXNativeTarget "fuckUITests" */;
			buildPhases = (
				B07DF0382484ED0A00B3E5F9 /* Sources */,
				B07DF0392484ED0A00B3E5F9 /* Frameworks */,
				B07DF03A2484ED0A00B3E5F9 /* Resources */,
			);
			buildRules = (
			);
			dependencies = (
				B07DF03E2484ED0A00B3E5F9 /* PBXTargetDependency */,
			);
			name = fuckUITests;
			productName = fuckUITests;
			productReference = B07DF03C2484ED0A00B3E5F9 /* fuckUITests.xctest */;
			productType = "com.apple.product-type.bundle.ui-testing";
		};
/* End PBXNativeTarget section */

/* Begin PBXProject section */
		B07DF0132484ED0900B3E5F9 /* Project object */ = {
			isa = PBXProject;
			attributes = {
				LastSwiftUpdateCheck = 1130;
				LastUpgradeCheck = 1130;
				ORGANIZATIONNAME = Ariel;
				TargetAttributes = {
					B07DF01A2484ED0900B3E5F9 = {
						CreatedOnToolsVersion = 11.3.1;
					};
					B07DF0302484ED0A00B3E5F9 = {
						CreatedOnToolsVersion = 11.3.1;
						TestTargetID = B07DF01A2484ED0900B3E5F9;
					};
					B07DF03B2484ED0A00B3E5F9 = {
						CreatedOnToolsVersion = 11.3.1;
						TestTargetID = B07DF01A2484ED0900B3E5F9;
					};
				};
			};
			buildConfigurationList = B07DF0162484ED0900B3E5F9 /* Build configuration list for PBXProject "fuck" */;
			compatibilityVersion = "Xcode 9.3";
			developmentRegion = en;
			hasScannedForEncodings = 0;
			knownRegions = (
				en,
				Base,
			);
			mainGroup = B07DF0122484ED0900B3E5F9;
			productRefGroup = B07DF01C2484ED0900B3E5F9 /* Products */;
			projectDirPath = "";
			projectRoot = "";
			targets = (
				B07DF01A2484ED0900B3E5F9 /* fuck */,
				B07DF0302484ED0A00B3E5F9 /* fuckTests */,
				B07DF03B2484ED0A00B3E5F9 /* fuckUITests */,
			);
		};
/* End PBXProject section */

/* Begin PBXResourcesBuildPhase section */
		B07DF0192484ED0900B3E5F9 /* Resources */ = {
			isa = PBXResourcesBuildPhase;
			buildActionMask = 2147483647;
			files = (
				B07DF02B2484ED0900B3E5F9 /* LaunchScreen.storyboard in Resources */,
				B07DF0282484ED0900B3E5F9 /* Assets.xcassets in Resources */,
				1D9047B6251C92F600798359 /* Main.storyboard in Resources */,
			);
			runOnlyForDeploymentPostprocessing = 0;
		};
		B07DF02F2484ED0A00B3E5F9 /* Resources */ = {
			isa = PBXResourcesBuildPhase;
			buildActionMask = 2147483647;
			files = (
			);
			runOnlyForDeploymentPostprocessing = 0;
		};
		B07DF03A2484ED0A00B3E5F9 /* Resources */ = {
			isa = PBXResourcesBuildPhase;
			buildActionMask = 2147483647;
			files = (
			);
			runOnlyForDeploymentPostprocessing = 0;
		};
/* End PBXResourcesBuildPhase section */

/* Begin PBXSourcesBuildPhase section */
		B07DF0172484ED0900B3E5F9 /* Sources */ = {
			isa = PBXSourcesBuildPhase;
			buildActionMask = 2147483647;
			files = (
				B07DF0552484EE2F00B3E5F9 /* ResetPassword.swift in Sources */,
				1D9047A9251910CC00798359 /* TViewController.swift in Sources */,
				B07DF0232484ED0900B3E5F9 /* ViewController.swift in Sources */,
				B07DF0512484EDE700B3E5F9 /* PersonalAccount.swift in Sources */,
				B01C74422521D41D00F3BCA6 /* LocationModel.swift in Sources */,
				B01C74402521D35E00F3BCA6 /* HomeModel.swift in Sources */,
				B07DF01F2484ED0900B3E5F9 /* AppDelegate.swift in Sources */,
				B07DF0212484ED0900B3E5F9 /* SceneDelegate.swift in Sources */,
				B07DF0532484EE1200B3E5F9 /* Register.swift in Sources */,
			);
			runOnlyForDeploymentPostprocessing = 0;
		};
		B07DF02D2484ED0A00B3E5F9 /* Sources */ = {
			isa = PBXSourcesBuildPhase;
			buildActionMask = 2147483647;
			files = (
				B07DF0362484ED0A00B3E5F9 /* fuckTests.swift in Sources */,
			);
			runOnlyForDeploymentPostprocessing = 0;
		};
		B07DF0382484ED0A00B3E5F9 /* Sources */ = {
			isa = PBXSourcesBuildPhase;
			buildActionMask = 2147483647;
			files = (
				B07DF0412484ED0A00B3E5F9 /* fuckUITests.swift in Sources */,
			);
			runOnlyForDeploymentPostprocessing = 0;
		};
/* End PBXSourcesBuildPhase section */

/* Begin PBXTargetDependency section */
		B07DF0332484ED0A00B3E5F9 /* PBXTargetDependency */ = {
			isa = PBXTargetDependency;
			target = B07DF01A2484ED0900B3E5F9 /* fuck */;
			targetProxy = B07DF0322484ED0A00B3E5F9 /* PBXContainerItemProxy */;
		};
		B07DF03E2484ED0A00B3E5F9 /* PBXTargetDependency */ = {
			isa = PBXTargetDependency;
			target = B07DF01A2484ED0900B3E5F9 /* fuck */;
			targetProxy = B07DF03D2484ED0A00B3E5F9 /* PBXContainerItemProxy */;
		};
/* End PBXTargetDependency section */

/* Begin PBXVariantGroup section */
		1D9047B4251C92F600798359 /* Main.storyboard */ = {
			isa = PBXVariantGroup;
			children = (
				1D9047B5251C92F600798359 /* Base */,
			);
			name = Main.storyboard;
			sourceTree = "<group>";
		};
		B07DF0292484ED0900B3E5F9 /* LaunchScreen.storyboard */ = {
			isa = PBXVariantGroup;
			children = (
				B07DF02A2484ED0900B3E5F9 /* Base */,
			);
			name = LaunchScreen.storyboard;
			sourceTree = "<group>";
		};
/* End PBXVariantGroup section */

/* Begin XCBuildConfiguration section */
		B07DF0432484ED0A00B3E5F9 /* Debug */ = {
			isa = XCBuildConfiguration;
			buildSettings = {
				ALWAYS_SEARCH_USER_PATHS = NO;
				CLANG_ANALYZER_NONNULL = YES;
				CLANG_ANALYZER_NUMBER_OBJECT_CONVERSION = YES_AGGRESSIVE;
				CLANG_CXX_LANGUAGE_STANDARD = "gnu++14";
				CLANG_CXX_LIBRARY = "libc++";
				CLANG_ENABLE_MODULES = YES;
				CLANG_ENABLE_OBJC_ARC = YES;
				CLANG_ENABLE_OBJC_WEAK = YES;
				CLANG_WARN_BLOCK_CAPTURE_AUTORELEASING = YES;
				CLANG_WARN_BOOL_CONVERSION = YES;
				CLANG_WARN_COMMA = YES;
				CLANG_WARN_CONSTANT_CONVERSION = YES;
				CLANG_WARN_DEPRECATED_OBJC_IMPLEMENTATIONS = YES;
				CLANG_WARN_DIRECT_OBJC_ISA_USAGE = YES_ERROR;
				CLANG_WARN_DOCUMENTATION_COMMENTS = YES;
				CLANG_WARN_EMPTY_BODY = YES;
				CLANG_WARN_ENUM_CONVERSION = YES;
				CLANG_WARN_INFINITE_RECURSION = YES;
				CLANG_WARN_INT_CONVERSION = YES;
				CLANG_WARN_NON_LITERAL_NULL_CONVERSION = YES;
				CLANG_WARN_OBJC_IMPLICIT_RETAIN_SELF = YES;
				CLANG_WARN_OBJC_LITERAL_CONVERSION = YES;
				CLANG_WARN_OBJC_ROOT_CLASS = YES_ERROR;
				CLANG_WARN_RANGE_LOOP_ANALYSIS = YES;
				CLANG_WARN_STRICT_PROTOTYPES = YES;
				CLANG_WARN_SUSPICIOUS_MOVE = YES;
				CLANG_WARN_UNGUARDED_AVAILABILITY = YES_AGGRESSIVE;
				CLANG_WARN_UNREACHABLE_CODE = YES;
				CLANG_WARN__DUPLICATE_METHOD_MATCH = YES;
				COPY_PHASE_STRIP = NO;
				DEBUG_INFORMATION_FORMAT = dwarf;
				ENABLE_STRICT_OBJC_MSGSEND = YES;
				ENABLE_TESTABILITY = YES;
				GCC_C_LANGUAGE_STANDARD = gnu11;
				GCC_DYNAMIC_NO_PIC = NO;
				GCC_NO_COMMON_BLOCKS = YES;
				GCC_OPTIMIZATION_LEVEL = 0;
				GCC_PREPROCESSOR_DEFINITIONS = (
					"DEBUG=1",
					"$(inherited)",
				);
				GCC_WARN_64_TO_32_BIT_CONVERSION = YES;
				GCC_WARN_ABOUT_RETURN_TYPE = YES_ERROR;
				GCC_WARN_UNDECLARED_SELECTOR = YES;
				GCC_WARN_UNINITIALIZED_AUTOS = YES_AGGRESSIVE;
				GCC_WARN_UNUSED_FUNCTION = YES;
				GCC_WARN_UNUSED_VARIABLE = YES;
				IPHONEOS_DEPLOYMENT_TARGET = 13.2;
				MTL_ENABLE_DEBUG_INFO = INCLUDE_SOURCE;
				MTL_FAST_MATH = YES;
				ONLY_ACTIVE_ARCH = YES;
				SDKROOT = iphoneos;
				SWIFT_ACTIVE_COMPILATION_CONDITIONS = DEBUG;
				SWIFT_OPTIMIZATION_LEVEL = "-Onone";
			};
			name = Debug;
		};
		B07DF0442484ED0A00B3E5F9 /* Release */ = {
			isa = XCBuildConfiguration;
			buildSettings = {
				ALWAYS_SEARCH_USER_PATHS = NO;
				CLANG_ANALYZER_NONNULL = YES;
				CLANG_ANALYZER_NUMBER_OBJECT_CONVERSION = YES_AGGRESSIVE;
				CLANG_CXX_LANGUAGE_STANDARD = "gnu++14";
				CLANG_CXX_LIBRARY = "libc++";
				CLANG_ENABLE_MODULES = YES;
				CLANG_ENABLE_OBJC_ARC = YES;
				CLANG_ENABLE_OBJC_WEAK = YES;
				CLANG_WARN_BLOCK_CAPTURE_AUTORELEASING = YES;
				CLANG_WARN_BOOL_CONVERSION = YES;
				CLANG_WARN_COMMA = YES;
				CLANG_WARN_CONSTANT_CONVERSION = YES;
				CLANG_WARN_DEPRECATED_OBJC_IMPLEMENTATIONS = YES;
				CLANG_WARN_DIRECT_OBJC_ISA_USAGE = YES_ERROR;
				CLANG_WARN_DOCUMENTATION_COMMENTS = YES;
				CLANG_WARN_EMPTY_BODY = YES;
				CLANG_WARN_ENUM_CONVERSION = YES;
				CLANG_WARN_INFINITE_RECURSION = YES;
				CLANG_WARN_INT_CONVERSION = YES;
				CLANG_WARN_NON_LITERAL_NULL_CONVERSION = YES;
				CLANG_WARN_OBJC_IMPLICIT_RETAIN_SELF = YES;
				CLANG_WARN_OBJC_LITERAL_CONVERSION = YES;
				CLANG_WARN_OBJC_ROOT_CLASS = YES_ERROR;
				CLANG_WARN_RANGE_LOOP_ANALYSIS = YES;
				CLANG_WARN_STRICT_PROTOTYPES = YES;
				CLANG_WARN_SUSPICIOUS_MOVE = YES;
				CLANG_WARN_UNGUARDED_AVAILABILITY = YES_AGGRESSIVE;
				CLANG_WARN_UNREACHABLE_CODE = YES;
				CLANG_WARN__DUPLICATE_METHOD_MATCH = YES;
				COPY_PHASE_STRIP = NO;
				DEBUG_INFORMATION_FORMAT = "dwarf-with-dsym";
				ENABLE_NS_ASSERTIONS = NO;
				ENABLE_STRICT_OBJC_MSGSEND = YES;
				GCC_C_LANGUAGE_STANDARD = gnu11;
				GCC_NO_COMMON_BLOCKS = YES;
				GCC_WARN_64_TO_32_BIT_CONVERSION = YES;
				GCC_WARN_ABOUT_RETURN_TYPE = YES_ERROR;
				GCC_WARN_UNDECLARED_SELECTOR = YES;
				GCC_WARN_UNINITIALIZED_AUTOS = YES_AGGRESSIVE;
				GCC_WARN_UNUSED_FUNCTION = YES;
				GCC_WARN_UNUSED_VARIABLE = YES;
				IPHONEOS_DEPLOYMENT_TARGET = 13.2;
				MTL_ENABLE_DEBUG_INFO = NO;
				MTL_FAST_MATH = YES;
				SDKROOT = iphoneos;
				SWIFT_COMPILATION_MODE = wholemodule;
				SWIFT_OPTIMIZATION_LEVEL = "-O";
				VALIDATE_PRODUCT = YES;
			};
			name = Release;
		};
		B07DF0462484ED0A00B3E5F9 /* Debug */ = {
			isa = XCBuildConfiguration;
			buildSettings = {
				ASSETCATALOG_COMPILER_APPICON_NAME = AppIcon;
				CODE_SIGN_STYLE = Automatic;
				INFOPLIST_FILE = fuck/Info.plist;
				LD_RUNPATH_SEARCH_PATHS = (
					"$(inherited)",
					"@executable_path/Frameworks",
				);
				PRODUCT_BUNDLE_IDENTIFIER = fuck.fuck;
				PRODUCT_NAME = "$(TARGET_NAME)";
				SWIFT_VERSION = 5.0;
				TARGETED_DEVICE_FAMILY = "1,2";
			};
			name = Debug;
		};
		B07DF0472484ED0A00B3E5F9 /* Release */ = {
			isa = XCBuildConfiguration;
			buildSettings = {
				ASSETCATALOG_COMPILER_APPICON_NAME = AppIcon;
				CODE_SIGN_STYLE = Automatic;
				INFOPLIST_FILE = fuck/Info.plist;
				LD_RUNPATH_SEARCH_PATHS = (
					"$(inherited)",
					"@executable_path/Frameworks",
				);
				PRODUCT_BUNDLE_IDENTIFIER = fuck.fuck;
				PRODUCT_NAME = "$(TARGET_NAME)";
				SWIFT_VERSION = 5.0;
				TARGETED_DEVICE_FAMILY = "1,2";
			};
			name = Release;
		};
		B07DF0492484ED0A00B3E5F9 /* Debug */ = {
			isa = XCBuildConfiguration;
			buildSettings = {
				ALWAYS_EMBED_SWIFT_STANDARD_LIBRARIES = YES;
				BUNDLE_LOADER = "$(TEST_HOST)";
				CODE_SIGN_STYLE = Automatic;
				INFOPLIST_FILE = fuckTests/Info.plist;
				IPHONEOS_DEPLOYMENT_TARGET = 13.2;
				LD_RUNPATH_SEARCH_PATHS = (
					"$(inherited)",
					"@executable_path/Frameworks",
					"@loader_path/Frameworks",
				);
				PRODUCT_BUNDLE_IDENTIFIER = fuck.fuckTests;
				PRODUCT_NAME = "$(TARGET_NAME)";
				SWIFT_VERSION = 5.0;
				TARGETED_DEVICE_FAMILY = "1,2";
				TEST_HOST = "$(BUILT_PRODUCTS_DIR)/fuck.app/fuck";
			};
			name = Debug;
		};
		B07DF04A2484ED0A00B3E5F9 /* Release */ = {
			isa = XCBuildConfiguration;
			buildSettings = {
				ALWAYS_EMBED_SWIFT_STANDARD_LIBRARIES = YES;
				BUNDLE_LOADER = "$(TEST_HOST)";
				CODE_SIGN_STYLE = Automatic;
				INFOPLIST_FILE = fuckTests/Info.plist;
				IPHONEOS_DEPLOYMENT_TARGET = 13.2;
				LD_RUNPATH_SEARCH_PATHS = (
					"$(inherited)",
					"@executable_path/Frameworks",
					"@loader_path/Frameworks",
				);
				PRODUCT_BUNDLE_IDENTIFIER = fuck.fuckTests;
				PRODUCT_NAME = "$(TARGET_NAME)";
				SWIFT_VERSION = 5.0;
				TARGETED_DEVICE_FAMILY = "1,2";
				TEST_HOST = "$(BUILT_PRODUCTS_DIR)/fuck.app/fuck";
			};
			name = Release;
		};
		B07DF04C2484ED0A00B3E5F9 /* Debug */ = {
			isa = XCBuildConfiguration;
			buildSettings = {
				ALWAYS_EMBED_SWIFT_STANDARD_LIBRARIES = YES;
				CODE_SIGN_STYLE = Automatic;
				INFOPLIST_FILE = fuckUITests/Info.plist;
				LD_RUNPATH_SEARCH_PATHS = (
					"$(inherited)",
					"@executable_path/Frameworks",
					"@loader_path/Frameworks",
				);
				PRODUCT_BUNDLE_IDENTIFIER = fuck.fuckUITests;
				PRODUCT_NAME = "$(TARGET_NAME)";
				SWIFT_VERSION = 5.0;
				TARGETED_DEVICE_FAMILY = "1,2";
				TEST_TARGET_NAME = fuck;
			};
			name = Debug;
		};
		B07DF04D2484ED0A00B3E5F9 /* Release */ = {
			isa = XCBuildConfiguration;
			buildSettings = {
				ALWAYS_EMBED_SWIFT_STANDARD_LIBRARIES = YES;
				CODE_SIGN_STYLE = Automatic;
				INFOPLIST_FILE = fuckUITests/Info.plist;
				LD_RUNPATH_SEARCH_PATHS = (
					"$(inherited)",
					"@executable_path/Frameworks",
					"@loader_path/Frameworks",
				);
				PRODUCT_BUNDLE_IDENTIFIER = fuck.fuckUITests;
				PRODUCT_NAME = "$(TARGET_NAME)";
				SWIFT_VERSION = 5.0;
				TARGETED_DEVICE_FAMILY = "1,2";
				TEST_TARGET_NAME = fuck;
			};
			name = Release;
		};
/* End XCBuildConfiguration section */

/* Begin XCConfigurationList section */
		B07DF0162484ED0900B3E5F9 /* Build configuration list for PBXProject "fuck" */ = {
			isa = XCConfigurationList;
			buildConfigurations = (
				B07DF0432484ED0A00B3E5F9 /* Debug */,
				B07DF0442484ED0A00B3E5F9 /* Release */,
			);
			defaultConfigurationIsVisible = 0;
			defaultConfigurationName = Release;
		};
		B07DF0452484ED0A00B3E5F9 /* Build configuration list for PBXNativeTarget "fuck" */ = {
			isa = XCConfigurationList;
			buildConfigurations = (
				B07DF0462484ED0A00B3E5F9 /* Debug */,
				B07DF0472484ED0A00B3E5F9 /* Release */,
			);
			defaultConfigurationIsVisible = 0;
			defaultConfigurationName = Release;
		};
		B07DF0482484ED0A00B3E5F9 /* Build configuration list for PBXNativeTarget "fuckTests" */ = {
			isa = XCConfigurationList;
			buildConfigurations = (
				B07DF0492484ED0A00B3E5F9 /* Debug */,
				B07DF04A2484ED0A00B3E5F9 /* Release */,
			);
			defaultConfigurationIsVisible = 0;
			defaultConfigurationName = Release;
		};
		B07DF04B2484ED0A00B3E5F9 /* Build configuration list for PBXNativeTarget "fuckUITests" */ = {
			isa = XCConfigurationList;
			buildConfigurations = (
				B07DF04C2484ED0A00B3E5F9 /* Debug */,
				B07DF04D2484ED0A00B3E5F9 /* Release */,
			);
			defaultConfigurationIsVisible = 0;
			defaultConfigurationName = Release;
		};
/* End XCConfigurationList section */
	};
	rootObject = B07DF0132484ED0900B3E5F9 /* Project object */;
}
